version = 1
requires-python = ">=3.12"

[[package]]
name = "autocommand"
version = "2.2.2"
source = { registry = "https://pypi.org/simple" }
sdist = { url = "https://files.pythonhosted.org/packages/5b/18/774bddb96bc0dc0a2b8ac2d2a0e686639744378883da0fc3b96a54192d7a/autocommand-2.2.2.tar.gz", hash = "sha256:878de9423c5596491167225c2a455043c3130fb5b7286ac83443d45e74955f34", size = 22894 }
wheels = [
    { url = "https://files.pythonhosted.org/packages/b5/62/05203c39d21aa3171454a6c5391ea3b582a97bfb1bc1adad25628331a1cd/autocommand-2.2.2-py3-none-any.whl", hash = "sha256:710afe251075e038e19e815e25f8155cabe02196cfb545b2185e0d9c8b2b0459", size = 19377 },
]

[[package]]
name = "irc"
version = "20.5.0"
source = { registry = "https://pypi.org/simple" }
dependencies = [
    { name = "jaraco-collections" },
    { name = "jaraco-functools" },
    { name = "jaraco-logging" },
    { name = "jaraco-stream" },
    { name = "jaraco-text" },
    { name = "more-itertools" },
    { name = "pytz" },
    { name = "tempora" },
]
sdist = { url = "https://files.pythonhosted.org/packages/0d/c0/5b875df761bfbf51482bab7ddb4b9f9968327bc08801f5ac9599ab451824/irc-20.5.0.tar.gz", hash = "sha256:8ddbfd19f71204ceceba7b7c72724b15b3fa87bab5e81e45a75bef736a1a3c76", size = 92150 }
wheels = [
    { url = "https://files.pythonhosted.org/packages/11/70/93034515cfc18e2020146f889c82abb38a01c7d77b50bc033f91bc5c12b9/irc-20.5.0-py3-none-any.whl", hash = "sha256:712c6065c41ceaf75c874d623b02edaa5e6c7d605532da81c52d39629a8e9fd0", size = 75455 },
]

[[package]]
name = "jaraco-collections"
version = "5.1.0"
source = { registry = "https://pypi.org/simple" }
dependencies = [
    { name = "jaraco-text" },
]
sdist = { url = "https://files.pythonhosted.org/packages/8c/ed/3f0ef2bcf765b5a3d58ecad8d825874a3af1e792fa89f89ad79f090a4ccc/jaraco_collections-5.1.0.tar.gz", hash = "sha256:0e4829409d39ad18a40aa6754fee2767f4d9730c4ba66dc9df89f1d2756994c2", size = 19026 }
wheels = [
    { url = "https://files.pythonhosted.org/packages/e5/ac/7a05e85b981b95e14dd274b5687e37b0a36a913af8741cfaf90415399940/jaraco.collections-5.1.0-py3-none-any.whl", hash = "sha256:a9480be7fe741d34639b3c32049066d7634b520746552d1a5d0fcda07ada1020", size = 11345 },
]

[[package]]
name = "jaraco-context"
version = "6.0.1"
source = { registry = "https://pypi.org/simple" }
sdist = { url = "https://files.pythonhosted.org/packages/df/ad/f3777b81bf0b6e7bc7514a1656d3e637b2e8e15fab2ce3235730b3e7a4e6/jaraco_context-6.0.1.tar.gz", hash = "sha256:9bae4ea555cf0b14938dc0aee7c9f32ed303aa20a3b73e7dc80111628792d1b3", size = 13912 }
wheels = [
    { url = "https://files.pythonhosted.org/packages/ff/db/0c52c4cf5e4bd9f5d7135ec7669a3a767af21b3a308e1ed3674881e52b62/jaraco.context-6.0.1-py3-none-any.whl", hash = "sha256:f797fc481b490edb305122c9181830a3a5b76d84ef6d1aef2fb9b47ab956f9e4", size = 6825 },
]

[[package]]
name = "jaraco-functools"
version = "4.1.0"
source = { registry = "https://pypi.org/simple" }
dependencies = [
    { name = "more-itertools" },
]
sdist = { url = "https://files.pythonhosted.org/packages/ab/23/9894b3df5d0a6eb44611c36aec777823fc2e07740dabbd0b810e19594013/jaraco_functools-4.1.0.tar.gz", hash = "sha256:70f7e0e2ae076498e212562325e805204fc092d7b4c17e0e86c959e249701a9d", size = 19159 }
wheels = [
    { url = "https://files.pythonhosted.org/packages/9f/4f/24b319316142c44283d7540e76c7b5a6dbd5db623abd86bb7b3491c21018/jaraco.functools-4.1.0-py3-none-any.whl", hash = "sha256:ad159f13428bc4acbf5541ad6dec511f91573b90fba04df61dafa2a1231cf649", size = 10187 },
]

[[package]]
name = "jaraco-logging"
version = "3.3.0"
source = { registry = "https://pypi.org/simple" }
dependencies = [
    { name = "tempora" },
]
sdist = { url = "https://files.pythonhosted.org/packages/3d/dd/06d669d262cb88f4ebee000d4fabcd2dea25a98b19d853272b6276fa6c41/jaraco.logging-3.3.0.tar.gz", hash = "sha256:f4a7cfbacb86a834c2886c01a3b52bc4cde2728c1d9717c49d4dce1d6248f07b", size = 9082 }
wheels = [
    { url = "https://files.pythonhosted.org/packages/e2/9a/56097b301ac6e0987f966e44529d2118fbd3d03fadef4ce3779d7057635a/jaraco.logging-3.3.0-py3-none-any.whl", hash = "sha256:58a9b4409754cc238cab7238f035b12df0345123ff1cb8faf6d31a1f2688154f", size = 4828 },
]

[[package]]
name = "jaraco-stream"
version = "3.0.4"
source = { registry = "https://pypi.org/simple" }
dependencies = [
    { name = "more-itertools" },
]
sdist = { url = "https://files.pythonhosted.org/packages/14/9a/12deca4d86f6cd37d5e32a0b64e3b3c8ccee5a76813545386c6c44184490/jaraco_stream-3.0.4.tar.gz", hash = "sha256:e2bc5028e721ed2cc852b96ec9a33f2b7664e9b2dbf87eefbe617d126641934b", size = 10744 }
wheels = [
    { url = "https://files.pythonhosted.org/packages/0b/9c/41d20c6a447b6aecee189f8ee481a00773c59e54a68f60cfaedca6c43bdc/jaraco.stream-3.0.4-py3-none-any.whl", hash = "sha256:41cec12393ab733870b54e3683564b95e68b82017428fcec56324f70e64c47c6", size = 6064 },
]

[[package]]
name = "jaraco-text"
version = "4.0.0"
source = { registry = "https://pypi.org/simple" }
dependencies = [
    { name = "autocommand" },
    { name = "jaraco-context" },
    { name = "jaraco-functools" },
    { name = "more-itertools" },
]
sdist = { url = "https://files.pythonhosted.org/packages/4f/00/1b4dbbc5c6dcb87a4278cc229b2b560484bf231bba7922686c5139e5f934/jaraco_text-4.0.0.tar.gz", hash = "sha256:5b71fecea69ab6f939d4c906c04fee1eda76500d1641117df6ec45b865f10db0", size = 17009 }
wheels = [
    { url = "https://files.pythonhosted.org/packages/2f/29/350039bde32fbd7000e2fb81e1c4e42a857b5e77bcbaf6267c806c70ab9a/jaraco.text-4.0.0-py3-none-any.whl", hash = "sha256:08de508939b5e681b14cdac2f1f73036cd97f6f8d7b25e96b8911a9a428ca0d1", size = 11542 },
]

[[package]]
name = "more-itertools"
version = "10.5.0"
source = { registry = "https://pypi.org/simple" }
sdist = { url = "https://files.pythonhosted.org/packages/51/78/65922308c4248e0eb08ebcbe67c95d48615cc6f27854b6f2e57143e9178f/more-itertools-10.5.0.tar.gz", hash = "sha256:5482bfef7849c25dc3c6dd53a6173ae4795da2a41a80faea6700d9f5846c5da6", size = 121020 }
wheels = [
    { url = "https://files.pythonhosted.org/packages/48/7e/3a64597054a70f7c86eb0a7d4fc315b8c1ab932f64883a297bdffeb5f967/more_itertools-10.5.0-py3-none-any.whl", hash = "sha256:037b0d3203ce90cca8ab1defbbdac29d5f993fc20131f3664dc8d6acfa872aef", size = 60952 },
]

[[package]]
name = "python-dateutil"
version = "2.9.0.post0"
source = { registry = "https://pypi.org/simple" }
dependencies = [
    { name = "six" },
]
sdist = { url = "https://files.pythonhosted.org/packages/66/c0/0c8b6ad9f17a802ee498c46e004a0eb49bc148f2fd230864601a86dcf6db/python-dateutil-2.9.0.post0.tar.gz", hash = "sha256:37dd54208da7e1cd875388217d5e00ebd4179249f90fb72437e91a35459a0ad3", size = 342432 }
wheels = [
    { url = "https://files.pythonhosted.org/packages/ec/57/56b9bcc3c9c6a792fcbaf139543cee77261f3651ca9da0c93f5c1221264b/python_dateutil-2.9.0.post0-py2.py3-none-any.whl", hash = "sha256:a8b2bc7bffae282281c8140a97d3aa9c14da0b136dfe83f850eea9a5f7470427", size = 229892 },
]

[[package]]
name = "pytz"
version = "2024.2"
source = { registry = "https://pypi.org/simple" }
sdist = { url = "https://files.pythonhosted.org/packages/3a/31/3c70bf7603cc2dca0f19bdc53b4537a797747a58875b552c8c413d963a3f/pytz-2024.2.tar.gz", hash = "sha256:2aa355083c50a0f93fa581709deac0c9ad65cca8a9e9beac660adcbd493c798a", size = 319692 }
wheels = [
    { url = "https://files.pythonhosted.org/packages/11/c3/005fcca25ce078d2cc29fd559379817424e94885510568bc1bc53d7d5846/pytz-2024.2-py2.py3-none-any.whl", hash = "sha256:31c7c1817eb7fae7ca4b8c7ee50c72f93aa2dd863de768e1ef4245d426aa0725", size = 508002 },
]

[[package]]
name = "six"
version = "1.17.0"
source = { registry = "https://pypi.org/simple" }
sdist = { url = "https://files.pythonhosted.org/packages/94/e7/b2c673351809dca68a0e064b6af791aa332cf192da575fd474ed7d6f16a2/six-1.17.0.tar.gz", hash = "sha256:ff70335d468e7eb6ec65b95b99d3a2836546063f63acc5171de367e834932a81", size = 34031 }
wheels = [
    { url = "https://files.pythonhosted.org/packages/b7/ce/149a00dd41f10bc29e5921b496af8b574d8413afcd5e30dfa0ed46c2cc5e/six-1.17.0-py2.py3-none-any.whl", hash = "sha256:4721f391ed90541fddacab5acf947aa0d3dc7d27b2e1e8eda2be8970586c3274", size = 11050 },
]

[[package]]
name = "tempora"
version = "5.8.0"
source = { registry = "https://pypi.org/simple" }
dependencies = [
    { name = "jaraco-functools" },
    { name = "python-dateutil" },
]
sdist = { url = "https://files.pythonhosted.org/packages/c3/f2/bbd6d2178791eaf8bac06857cb0ee39840e69f7b64ecb0c414bf8f46daff/tempora-5.8.0.tar.gz", hash = "sha256:1e9606e65a3f2063460961d68515dee07bdaca0859305a8d3e6604168175fef1", size = 23019 }
wheels = [
    { url = "https://files.pythonhosted.org/packages/63/4e/837bf5d0eda484cc65f2b43f6231014939b270fff9fc9e10aa876c62faf9/tempora-5.8.0-py3-none-any.whl", hash = "sha256:c6fa4bc090e0b3b7ce879a81fdda6e4e0e7ab20d1cd580b5c92fecdcf9e5fb65", size = 14373 },
]

[[package]]
name = "test-bot"
version = "0.1.0"
source = { virtual = "." }
dependencies = [
    { name = "irc" },
]

[package.metadata]
requires-dist = [{ name = "irc", specifier = ">=20.5.0" }]
